PODS:
  - AFNetworking (3.2.1):
    - AFNetworking/NSURLSession (= 3.2.1)
    - AFNetworking/Reachability (= 3.2.1)
    - AFNetworking/Security (= 3.2.1)
    - AFNetworking/Serialization (= 3.2.1)
    - AFNetworking/UIKit (= 3.2.1)
  - AFNetworking/NSURLSession (3.2.1):
    - AFNetworking/Reachability
    - AFNetworking/Security
    - AFNetworking/Serialization
  - AFNetworking/Reachability (3.2.1)
  - AFNetworking/Security (3.2.1)
  - AFNetworking/Serialization (3.2.1)
  - AFNetworking/UIKit (3.2.1):
    - AFNetworking/NSURLSession
  - SDataTools (0.3.8)

DEPENDENCIES:
  - AFNetworking
  - SDataTools

SPEC REPOS:
  trunk:
    - AFNetworking
    - SDataTools

SPEC CHECKSUMS:
  AFNetworking: b6f891fdfaed196b46c7a83cf209e09697b94057
  SDataTools: 8807b38d8a5ebacf3edde3e77bf7a2d00e16c0cb

PODFILE CHECKSUM: f06b766c2c33991b883a7b558fbd91ba6ac7a22c

COCOAPODS: 1.8.0.beta.1
